
Microsoft Visual Studio Solution File, Format Version 12.00
# Visual Studio Version 16
VisualStudioVersion = 16.0.30413.136
MinimumVisualStudioVersion = 10.0.40219.1
Project("{FAE04EC0-301F-11D3-BF4B-00C04F79EFBC}") = "VisionEquipesFootAmericain", "VisionEquipesFootAmericain\VisionEquipesFootAmericain.csproj", "{B06B60F5-881C-4285-971E-6D8D10495080}"
EndProject
Project("{FAE04EC0-301F-11D3-BF4B-00C04F79EFBC}") = "ModelLayer", "ModelLayer\ModelLayer.csproj", "{3A40CFBE-044C-4BD7-AB3F-61F3205B6917}"
EndProject
Project("{FAE04EC0-301F-11D3-BF4B-00C04F79EFBC}") = "TestEquipeFootAmericain", "TestEquipeFootAmericain\TestEquipeFootAmericain.csproj", "{629DA9B1-45B6-417E-B404-4132FB1F507D}"
EndProject
Global
	GlobalSection(SolutionConfigurationPlatforms) = preSolution
		Debug|Any CPU = Debug|Any CPU
		Release|Any CPU = Release|Any CPU
	EndGlobalSection
	GlobalSection(ProjectConfigurationPlatforms) = postSolution
		{B06B60F5-881C-4285-971E-6D8D10495080}.Debug|Any CPU.ActiveCfg = Debug|Any CPU
		{B06B60F5-881C-4285-971E-6D8D10495080}.Debug|Any CPU.Build.0 = Debug|Any CPU
		{B06B60F5-881C-4285-971E-6D8D10495080}.Release|Any CPU.ActiveCfg = Release|Any CPU
		{B06B60F5-881C-4285-971E-6D8D10495080}.Release|Any CPU.Build.0 = Release|Any CPU
		{3A40CFBE-044C-4BD7-AB3F-61F3205B6917}.Debug|Any CPU.ActiveCfg = Debug|Any CPU
		{3A40CFBE-044C-4BD7-AB3F-61F3205B6917}.Debug|Any CPU.Build.0 = Debug|Any CPU
		{3A40CFBE-044C-4BD7-AB3F-61F3205B6917}.Release|Any CPU.ActiveCfg = Release|Any CPU
		{3A40CFBE-044C-4BD7-AB3F-61F3205B6917}.Release|Any CPU.Build.0 = Release|Any CPU
		{629DA9B1-45B6-417E-B404-4132FB1F507D}.Debug|Any CPU.ActiveCfg = Debug|Any CPU
		{629DA9B1-45B6-417E-B404-4132FB1F507D}.Debug|Any CPU.Build.0 = Debug|Any CPU
		{629DA9B1-45B6-417E-B404-4132FB1F507D}.Release|Any CPU.ActiveCfg = Release|Any CPU
		{629DA9B1-45B6-417E-B404-4132FB1F507D}.Release|Any CPU.Build.0 = Release|Any CPU
	EndGlobalSection
	GlobalSection(SolutionProperties) = preSolution
		HideSolutionNode = FALSE
	EndGlobalSection
	GlobalSection(ExtensibilityGlobals) = postSolution
		SolutionGuid = {2BBBD4A0-35C0-435A-B3E4-4E7789EC756D}
	EndGlobalSection
EndGlobal
